// !$*UTF8*$!
{
	archiveVersion = 1;
	classes = {
	};
	objectVersion = 51;
	objects = {

/* Begin PBXBuildFile section */
		9EA103B2BF1EB52134BB4CE0 /* Pods_TrekPack.framework in Frameworks */ = {isa = PBXBuildFile; fileRef = 35A1D68F81BFEA146CEAB6F0 /* Pods_TrekPack.framework */; };
		DA054F5424B8AA730039F159 /* Capital.swift in Sources */ = {isa = PBXBuildFile; fileRef = DA054F5324B8AA730039F159 /* Capital.swift */; };
		DA054F5724B8E17F0039F159 /* PlacemarkAnnotation.swift in Sources */ = {isa = PBXBuildFile; fileRef = DA054F5624B8E17F0039F159 /* PlacemarkAnnotation.swift */; };
		DA1AA3382463366300023DB8 /* ViewTrekViewController.swift in Sources */ = {isa = PBXBuildFile; fileRef = DA1AA3372463366300023DB8 /* ViewTrekViewController.swift */; };
		DA1D3D1223CB65AC00F0FC82 /* ItemPageViewController.swift in Sources */ = {isa = PBXBuildFile; fileRef = DA1D3D1123CB65AC00F0FC82 /* ItemPageViewController.swift */; };
		DA22AF10247B21E2006C8D02 /* NewTrekVC.swift in Sources */ = {isa = PBXBuildFile; fileRef = DA22AF0F247B21E2006C8D02 /* NewTrekVC.swift */; };
		DA428569245223F4004AC485 /* AllTreks.swift in Sources */ = {isa = PBXBuildFile; fileRef = DA428568245223F4004AC485 /* AllTreks.swift */; };
		DA46D05A24AA61A80039CA7E /* MapViewController.swift in Sources */ = {isa = PBXBuildFile; fileRef = DA46D05924AA61A80039CA7E /* MapViewController.swift */; };
		DA48FE08245F59DC00D483B7 /* Trek.swift in Sources */ = {isa = PBXBuildFile; fileRef = DA48FE07245F59DC00D483B7 /* Trek.swift */; };
		DA498C8224C5CE8D0000E909 /* Reachability.swift in Sources */ = {isa = PBXBuildFile; fileRef = DA498C8124C5CE8D0000E909 /* Reachability.swift */; };
		DA4CAEC924893A0C001A43CF /* NewTrekExe.swift in Sources */ = {isa = PBXBuildFile; fileRef = DA4CAEC824893A0B001A43CF /* NewTrekExe.swift */; };
		DA52D47A23E5EF15003C96A2 /* EditTrekExe.swift in Sources */ = {isa = PBXBuildFile; fileRef = DA52D47923E5EF15003C96A2 /* EditTrekExe.swift */; };
		DA52D47C23E617C2003C96A2 /* ItemsExtension.swift in Sources */ = {isa = PBXBuildFile; fileRef = DA52D47B23E617C2003C96A2 /* ItemsExtension.swift */; };
		DA68A16124A147A300D0B398 /* TestViewController.swift in Sources */ = {isa = PBXBuildFile; fileRef = DA68A16024A147A200D0B398 /* TestViewController.swift */; };
		DAB34EB523B11E56000EEE0D /* AppDelegate.swift in Sources */ = {isa = PBXBuildFile; fileRef = DAB34EB423B11E56000EEE0D /* AppDelegate.swift */; };
		DAB34EB723B11E56000EEE0D /* SceneDelegate.swift in Sources */ = {isa = PBXBuildFile; fileRef = DAB34EB623B11E56000EEE0D /* SceneDelegate.swift */; };
		DAB34EBE23B11E56000EEE0D /* Main.storyboard in Resources */ = {isa = PBXBuildFile; fileRef = DAB34EBC23B11E56000EEE0D /* Main.storyboard */; };
		DAB34EC023B11E57000EEE0D /* Assets.xcassets in Resources */ = {isa = PBXBuildFile; fileRef = DAB34EBF23B11E57000EEE0D /* Assets.xcassets */; };
		DAB34EC323B11E57000EEE0D /* LaunchScreen.storyboard in Resources */ = {isa = PBXBuildFile; fileRef = DAB34EC123B11E57000EEE0D /* LaunchScreen.storyboard */; };
		DABBF42423C23F82001F5645 /* TreksViewController.swift in Sources */ = {isa = PBXBuildFile; fileRef = DABBF42323C23F82001F5645 /* TreksViewController.swift */; };
		DAC7E04E23B15CA8006C780E /* MoreViewController.swift in Sources */ = {isa = PBXBuildFile; fileRef = DAC7E04D23B15CA8006C780E /* MoreViewController.swift */; };
		DAC7E05023B15E3D006C780E /* SingletonStruct.swift in Sources */ = {isa = PBXBuildFile; fileRef = DAC7E04F23B15E3D006C780E /* SingletonStruct.swift */; };
		DADE190D23C2772000EEC7B5 /* EditTrek.swift in Sources */ = {isa = PBXBuildFile; fileRef = DADE190C23C2772000EEC7B5 /* EditTrek.swift */; };
		DAE2594124857EFF00989085 /* TreksViewControllerExe.swift in Sources */ = {isa = PBXBuildFile; fileRef = DAE2594024857EFF00989085 /* TreksViewControllerExe.swift */; };
		DAE25A2D247F03750047FD42 /* ViewTrekExe.swift in Sources */ = {isa = PBXBuildFile; fileRef = DAE25A2C247F03750047FD42 /* ViewTrekExe.swift */; };
		DAECEA4424C8CFEC00C752CF /* TrekTips.swift in Sources */ = {isa = PBXBuildFile; fileRef = DAECEA4324C8CFEC00C752CF /* TrekTips.swift */; };
		DAECEA4624C8DC5D00C752CF /* Country.swift in Sources */ = {isa = PBXBuildFile; fileRef = DAECEA4524C8DC5D00C752CF /* Country.swift */; };
/* End PBXBuildFile section */

/* Begin PBXFileReference section */
		2BDD53C1672C8BE9139A53A1 /* Pods-TrekPack.debug.xcconfig */ = {isa = PBXFileReference; includeInIndex = 1; lastKnownFileType = text.xcconfig; name = "Pods-TrekPack.debug.xcconfig"; path = "Target Support Files/Pods-TrekPack/Pods-TrekPack.debug.xcconfig"; sourceTree = "<group>"; };
		35A1D68F81BFEA146CEAB6F0 /* Pods_TrekPack.framework */ = {isa = PBXFileReference; explicitFileType = wrapper.framework; includeInIndex = 0; path = Pods_TrekPack.framework; sourceTree = BUILT_PRODUCTS_DIR; };
		DA054F5324B8AA730039F159 /* Capital.swift */ = {isa = PBXFileReference; lastKnownFileType = sourcecode.swift; path = Capital.swift; sourceTree = "<group>"; };
		DA054F5624B8E17F0039F159 /* PlacemarkAnnotation.swift */ = {isa = PBXFileReference; lastKnownFileType = sourcecode.swift; path = PlacemarkAnnotation.swift; sourceTree = "<group>"; };
		DA1AA3372463366300023DB8 /* ViewTrekViewController.swift */ = {isa = PBXFileReference; lastKnownFileType = sourcecode.swift; path = ViewTrekViewController.swift; sourceTree = "<group>"; };
		DA1D3D1123CB65AC00F0FC82 /* ItemPageViewController.swift */ = {isa = PBXFileReference; lastKnownFileType = sourcecode.swift; path = ItemPageViewController.swift; sourceTree = "<group>"; };
		DA22AF0F247B21E2006C8D02 /* NewTrekVC.swift */ = {isa = PBXFileReference; lastKnownFileType = sourcecode.swift; path = NewTrekVC.swift; sourceTree = "<group>"; };
		DA428568245223F4004AC485 /* AllTreks.swift */ = {isa = PBXFileReference; lastKnownFileType = sourcecode.swift; path = AllTreks.swift; sourceTree = "<group>"; };
		DA46D05924AA61A80039CA7E /* MapViewController.swift */ = {isa = PBXFileReference; lastKnownFileType = sourcecode.swift; path = MapViewController.swift; sourceTree = "<group>"; };
		DA48FE07245F59DC00D483B7 /* Trek.swift */ = {isa = PBXFileReference; lastKnownFileType = sourcecode.swift; path = Trek.swift; sourceTree = "<group>"; };
		DA498C8124C5CE8D0000E909 /* Reachability.swift */ = {isa = PBXFileReference; lastKnownFileType = sourcecode.swift; path = Reachability.swift; sourceTree = "<group>"; };
		DA4CAEC824893A0B001A43CF /* NewTrekExe.swift */ = {isa = PBXFileReference; fileEncoding = 4; lastKnownFileType = sourcecode.swift; path = NewTrekExe.swift; sourceTree = "<group>"; };
		DA52D47923E5EF15003C96A2 /* EditTrekExe.swift */ = {isa = PBXFileReference; lastKnownFileType = sourcecode.swift; path = EditTrekExe.swift; sourceTree = "<group>"; };
		DA52D47B23E617C2003C96A2 /* ItemsExtension.swift */ = {isa = PBXFileReference; lastKnownFileType = sourcecode.swift; path = ItemsExtension.swift; sourceTree = "<group>"; };
		DA68A16024A147A200D0B398 /* TestViewController.swift */ = {isa = PBXFileReference; lastKnownFileType = sourcecode.swift; path = TestViewController.swift; sourceTree = "<group>"; };
		DAB34EB123B11E56000EEE0D /* TrekPack.app */ = {isa = PBXFileReference; explicitFileType = wrapper.application; includeInIndex = 0; path = TrekPack.app; sourceTree = BUILT_PRODUCTS_DIR; };
		DAB34EB423B11E56000EEE0D /* AppDelegate.swift */ = {isa = PBXFileReference; lastKnownFileType = sourcecode.swift; path = AppDelegate.swift; sourceTree = "<group>"; };
		DAB34EB623B11E56000EEE0D /* SceneDelegate.swift */ = {isa = PBXFileReference; lastKnownFileType = sourcecode.swift; path = SceneDelegate.swift; sourceTree = "<group>"; };
		DAB34EBD23B11E56000EEE0D /* Base */ = {isa = PBXFileReference; lastKnownFileType = file.storyboard; name = Base; path = Base.lproj/Main.storyboard; sourceTree = "<group>"; };
		DAB34EBF23B11E57000EEE0D /* Assets.xcassets */ = {isa = PBXFileReference; lastKnownFileType = folder.assetcatalog; path = Assets.xcassets; sourceTree = "<group>"; };
		DAB34EC223B11E57000EEE0D /* Base */ = {isa = PBXFileReference; lastKnownFileType = file.storyboard; name = Base; path = Base.lproj/LaunchScreen.storyboard; sourceTree = "<group>"; };
		DAB34EC423B11E57000EEE0D /* Info.plist */ = {isa = PBXFileReference; lastKnownFileType = text.plist.xml; path = Info.plist; sourceTree = "<group>"; };
		DABBF42323C23F82001F5645 /* TreksViewController.swift */ = {isa = PBXFileReference; lastKnownFileType = sourcecode.swift; path = TreksViewController.swift; sourceTree = "<group>"; };
		DAC7E04D23B15CA8006C780E /* MoreViewController.swift */ = {isa = PBXFileReference; lastKnownFileType = sourcecode.swift; path = MoreViewController.swift; sourceTree = "<group>"; };
		DAC7E04F23B15E3D006C780E /* SingletonStruct.swift */ = {isa = PBXFileReference; lastKnownFileType = sourcecode.swift; path = SingletonStruct.swift; sourceTree = "<group>"; };
		DADE190C23C2772000EEC7B5 /* EditTrek.swift */ = {isa = PBXFileReference; lastKnownFileType = sourcecode.swift; path = EditTrek.swift; sourceTree = "<group>"; };
		DAE2594024857EFF00989085 /* TreksViewControllerExe.swift */ = {isa = PBXFileReference; lastKnownFileType = sourcecode.swift; path = TreksViewControllerExe.swift; sourceTree = "<group>"; };
		DAE25A2C247F03750047FD42 /* ViewTrekExe.swift */ = {isa = PBXFileReference; lastKnownFileType = sourcecode.swift; path = ViewTrekExe.swift; sourceTree = "<group>"; };
		DAECEA4324C8CFEC00C752CF /* TrekTips.swift */ = {isa = PBXFileReference; lastKnownFileType = sourcecode.swift; path = TrekTips.swift; sourceTree = "<group>"; };
		DAECEA4524C8DC5D00C752CF /* Country.swift */ = {isa = PBXFileReference; lastKnownFileType = sourcecode.swift; path = Country.swift; sourceTree = "<group>"; };
		DDEC5FAB238D83D03BF7B350 /* Pods-TrekPack.release.xcconfig */ = {isa = PBXFileReference; includeInIndex = 1; lastKnownFileType = text.xcconfig; name = "Pods-TrekPack.release.xcconfig"; path = "Target Support Files/Pods-TrekPack/Pods-TrekPack.release.xcconfig"; sourceTree = "<group>"; };
/* End PBXFileReference section */

/* Begin PBXFrameworksBuildPhase section */
		DAB34EAE23B11E56000EEE0D /* Frameworks */ = {
			isa = PBXFrameworksBuildPhase;
			buildActionMask = 2147483647;
			files = (
				9EA103B2BF1EB52134BB4CE0 /* Pods_TrekPack.framework in Frameworks */,
			);
			runOnlyForDeploymentPostprocessing = 0;
		};
/* End PBXFrameworksBuildPhase section */

/* Begin PBXGroup section */
		9ED8451B4DEFAD1B48B995C9 /* Frameworks */ = {
			isa = PBXGroup;
			children = (
				35A1D68F81BFEA146CEAB6F0 /* Pods_TrekPack.framework */,
			);
			name = Frameworks;
			sourceTree = "<group>";
		};
		A6290E3EF1C38C3000547AA3 /* Pods */ = {
			isa = PBXGroup;
			children = (
				2BDD53C1672C8BE9139A53A1 /* Pods-TrekPack.debug.xcconfig */,
				DDEC5FAB238D83D03BF7B350 /* Pods-TrekPack.release.xcconfig */,
			);
			path = Pods;
			sourceTree = "<group>";
		};
		DA054F5524B8E11C0039F159 /* MapKitAnnotation */ = {
			isa = PBXGroup;
			children = (
				DA054F5624B8E17F0039F159 /* PlacemarkAnnotation.swift */,
			);
			path = MapKitAnnotation;
			sourceTree = "<group>";
		};
		DA1AA3362463364F00023DB8 /* ViewTrek */ = {
			isa = PBXGroup;
			children = (
				DA1AA3372463366300023DB8 /* ViewTrekViewController.swift */,
				DAE25A2C247F03750047FD42 /* ViewTrekExe.swift */,
				DAECEA4324C8CFEC00C752CF /* TrekTips.swift */,
			);
			path = ViewTrek;
			sourceTree = "<group>";
		};
		DA428564245220C4004AC485 /* Model */ = {
			isa = PBXGroup;
			children = (
				DA48FE07245F59DC00D483B7 /* Trek.swift */,
				DAECEA4524C8DC5D00C752CF /* Country.swift */,
			);
			path = Model;
			sourceTree = "<group>";
		};
		DA428567245223D3004AC485 /* Static Files */ = {
			isa = PBXGroup;
			children = (
				DA428568245223F4004AC485 /* AllTreks.swift */,
			);
			path = "Static Files";
			sourceTree = "<group>";
		};
		DA43CE5824D3464200D654C3 /* Connection Files */ = {
			isa = PBXGroup;
			children = (
				DA498C8124C5CE8D0000E909 /* Reachability.swift */,
			);
			path = "Connection Files";
			sourceTree = "<group>";
		};
		DA52D47323E5EE6F003C96A2 /* More */ = {
			isa = PBXGroup;
			children = (
				DAC7E04D23B15CA8006C780E /* MoreViewController.swift */,
			);
			path = More;
			sourceTree = "<group>";
		};
		DA52D47623E5EEC7003C96A2 /* MyTreks */ = {
			isa = PBXGroup;
			children = (
				DABBF42323C23F82001F5645 /* TreksViewController.swift */,
				DAE2594024857EFF00989085 /* TreksViewControllerExe.swift */,
			);
			path = MyTreks;
			sourceTree = "<group>";
		};
		DA52D47723E5EEE6003C96A2 /* NewTrek */ = {
			isa = PBXGroup;
			children = (
				DA22AF0F247B21E2006C8D02 /* NewTrekVC.swift */,
				DA4CAEC824893A0B001A43CF /* NewTrekExe.swift */,
				DA46D05924AA61A80039CA7E /* MapViewController.swift */,
			);
			path = NewTrek;
			sourceTree = "<group>";
		};
		DA52D47823E5EEF5003C96A2 /* NewItems */ = {
			isa = PBXGroup;
			children = (
				DA1D3D1123CB65AC00F0FC82 /* ItemPageViewController.swift */,
				DA52D47B23E617C2003C96A2 /* ItemsExtension.swift */,
			);
			path = NewItems;
			sourceTree = "<group>";
		};
		DA88E2D523B165440072C2FB /* ViewControllers */ = {
			isa = PBXGroup;
			children = (
				DA43CE5824D3464200D654C3 /* Connection Files */,
				DAE25A2A247EFFD00047FD42 /* EditTrek */,
				DA1AA3362463364F00023DB8 /* ViewTrek */,
				DA52D47323E5EE6F003C96A2 /* More */,
				DA52D47623E5EEC7003C96A2 /* MyTreks */,
				DA52D47723E5EEE6003C96A2 /* NewTrek */,
				DA52D47823E5EEF5003C96A2 /* NewItems */,
			);
			path = ViewControllers;
			sourceTree = "<group>";
		};
		DA88E2D623B165550072C2FB /* Delegates */ = {
			isa = PBXGroup;
			children = (
				DAB34EB623B11E56000EEE0D /* SceneDelegate.swift */,
				DAB34EB423B11E56000EEE0D /* AppDelegate.swift */,
			);
			path = Delegates;
			sourceTree = "<group>";
		};
		DA88E2D723B165650072C2FB /* Storyboard */ = {
			isa = PBXGroup;
			children = (
				DAB34EBC23B11E56000EEE0D /* Main.storyboard */,
				DAB34EC123B11E57000EEE0D /* LaunchScreen.storyboard */,
			);
			path = Storyboard;
			sourceTree = "<group>";
		};
		DA88E2D823B165AE0072C2FB /* Resources */ = {
			isa = PBXGroup;
			children = (
				DAC7E04F23B15E3D006C780E /* SingletonStruct.swift */,
			);
			path = Resources;
			sourceTree = "<group>";
		};
		DAB34EA823B11E56000EEE0D = {
			isa = PBXGroup;
			children = (
				DAB34EB323B11E56000EEE0D /* TrekPack */,
				DAB34EB223B11E56000EEE0D /* Products */,
				A6290E3EF1C38C3000547AA3 /* Pods */,
				9ED8451B4DEFAD1B48B995C9 /* Frameworks */,
			);
			sourceTree = "<group>";
		};
		DAB34EB223B11E56000EEE0D /* Products */ = {
			isa = PBXGroup;
			children = (
				DAB34EB123B11E56000EEE0D /* TrekPack.app */,
			);
			name = Products;
			sourceTree = "<group>";
		};
		DAB34EB323B11E56000EEE0D /* TrekPack */ = {
			isa = PBXGroup;
			children = (
				DA054F5524B8E11C0039F159 /* MapKitAnnotation */,
				DA428567245223D3004AC485 /* Static Files */,
				DA428564245220C4004AC485 /* Model */,
				DA88E2D823B165AE0072C2FB /* Resources */,
				DA88E2D723B165650072C2FB /* Storyboard */,
				DA88E2D623B165550072C2FB /* Delegates */,
				DA88E2D523B165440072C2FB /* ViewControllers */,
				DAB34EBF23B11E57000EEE0D /* Assets.xcassets */,
				DAB34EC423B11E57000EEE0D /* Info.plist */,
				DA68A16024A147A200D0B398 /* TestViewController.swift */,
				DA054F5324B8AA730039F159 /* Capital.swift */,
			);
			path = TrekPack;
			sourceTree = "<group>";
		};
		DAE25A2A247EFFD00047FD42 /* EditTrek */ = {
			isa = PBXGroup;
			children = (
				DADE190C23C2772000EEC7B5 /* EditTrek.swift */,
				DA52D47923E5EF15003C96A2 /* EditTrekExe.swift */,
			);
			path = EditTrek;
			sourceTree = "<group>";
		};
/* End PBXGroup section */

/* Begin PBXNativeTarget section */
		DAB34EB023B11E56000EEE0D /* TrekPack */ = {
			isa = PBXNativeTarget;
			buildConfigurationList = DAB34EC723B11E57000EEE0D /* Build configuration list for PBXNativeTarget "TrekPack" */;
			buildPhases = (
				C31098EC573CDE781E7BF5FA /* [CP] Check Pods Manifest.lock */,
				DAB34EAD23B11E56000EEE0D /* Sources */,
				DAB34EAE23B11E56000EEE0D /* Frameworks */,
				DAB34EAF23B11E56000EEE0D /* Resources */,
				41048FC608ADD77F562ED415 /* [CP] Embed Pods Frameworks */,
			);
			buildRules = (
			);
			dependencies = (
			);
			name = TrekPack;
			productName = TrekPack;
			productReference = DAB34EB123B11E56000EEE0D /* TrekPack.app */;
			productType = "com.apple.product-type.application";
		};
/* End PBXNativeTarget section */

/* Begin PBXProject section */
		DAB34EA923B11E56000EEE0D /* Project object */ = {
			isa = PBXProject;
			attributes = {
				LastSwiftUpdateCheck = 1120;
				LastUpgradeCheck = 1120;
				ORGANIZATIONNAME = Moktar;
				TargetAttributes = {
					DAB34EB023B11E56000EEE0D = {
						CreatedOnToolsVersion = 11.2;
					};
				};
			};
			buildConfigurationList = DAB34EAC23B11E56000EEE0D /* Build configuration list for PBXProject "TrekPack" */;
			compatibilityVersion = "Xcode 9.3";
			developmentRegion = en;
			hasScannedForEncodings = 0;
			knownRegions = (
				en,
				Base,
			);
			mainGroup = DAB34EA823B11E56000EEE0D;
			productRefGroup = DAB34EB223B11E56000EEE0D /* Products */;
			projectDirPath = "";
			projectRoot = "";
			targets = (
				DAB34EB023B11E56000EEE0D /* TrekPack */,
			);
		};
/* End PBXProject section */

/* Begin PBXResourcesBuildPhase section */
		DAB34EAF23B11E56000EEE0D /* Resources */ = {
			isa = PBXResourcesBuildPhase;
			buildActionMask = 2147483647;
			files = (
				DAB34EC323B11E57000EEE0D /* LaunchScreen.storyboard in Resources */,
				DAB34EC023B11E57000EEE0D /* Assets.xcassets in Resources */,
				DAB34EBE23B11E56000EEE0D /* Main.storyboard in Resources */,
			);
			runOnlyForDeploymentPostprocessing = 0;
		};
/* End PBXResourcesBuildPhase section */

/* Begin PBXShellScriptBuildPhase section */
		41048FC608ADD77F562ED415 /* [CP] Embed Pods Frameworks */ = {
			isa = PBXShellScriptBuildPhase;
			buildActionMask = 2147483647;
			files = (
			);
			inputFileListPaths = (
				"${PODS_ROOT}/Target Support Files/Pods-TrekPack/Pods-TrekPack-frameworks-${CONFIGURATION}-input-files.xcfilelist",
			);
			name = "[CP] Embed Pods Frameworks";
			outputFileListPaths = (
				"${PODS_ROOT}/Target Support Files/Pods-TrekPack/Pods-TrekPack-frameworks-${CONFIGURATION}-output-files.xcfilelist",
			);
			runOnlyForDeploymentPostprocessing = 0;
			shellPath = /bin/sh;
			shellScript = "\"${PODS_ROOT}/Target Support Files/Pods-TrekPack/Pods-TrekPack-frameworks.sh\"\n";
			showEnvVarsInLog = 0;
		};
		C31098EC573CDE781E7BF5FA /* [CP] Check Pods Manifest.lock */ = {
			isa = PBXShellScriptBuildPhase;
			buildActionMask = 2147483647;
			files = (
			);
			inputFileListPaths = (
			);
			inputPaths = (
				"${PODS_PODFILE_DIR_PATH}/Podfile.lock",
				"${PODS_ROOT}/Manifest.lock",
			);
			name = "[CP] Check Pods Manifest.lock";
			outputFileListPaths = (
			);
			outputPaths = (
				"$(DERIVED_FILE_DIR)/Pods-TrekPack-checkManifestLockResult.txt",
			);
			runOnlyForDeploymentPostprocessing = 0;
			shellPath = /bin/sh;
			shellScript = "diff \"${PODS_PODFILE_DIR_PATH}/Podfile.lock\" \"${PODS_ROOT}/Manifest.lock\" > /dev/null\nif [ $? != 0 ] ; then\n    # print error to STDERR\n    echo \"error: The sandbox is not in sync with the Podfile.lock. Run 'pod install' or update your CocoaPods installation.\" >&2\n    exit 1\nfi\n# This output is used by Xcode 'outputs' to avoid re-running this script phase.\necho \"SUCCESS\" > \"${SCRIPT_OUTPUT_FILE_0}\"\n";
			showEnvVarsInLog = 0;
		};
/* End PBXShellScriptBuildPhase section */

/* Begin PBXSourcesBuildPhase section */
		DAB34EAD23B11E56000EEE0D /* Sources */ = {
			isa = PBXSourcesBuildPhase;
			buildActionMask = 2147483647;
			files = (
				DA1AA3382463366300023DB8 /* ViewTrekViewController.swift in Sources */,
				DA52D47C23E617C2003C96A2 /* ItemsExtension.swift in Sources */,
				DA68A16124A147A300D0B398 /* TestViewController.swift in Sources */,
				DAC7E05023B15E3D006C780E /* SingletonStruct.swift in Sources */,
				DA22AF10247B21E2006C8D02 /* NewTrekVC.swift in Sources */,
				DA1D3D1223CB65AC00F0FC82 /* ItemPageViewController.swift in Sources */,
				DABBF42423C23F82001F5645 /* TreksViewController.swift in Sources */,
				DADE190D23C2772000EEC7B5 /* EditTrek.swift in Sources */,
				DA52D47A23E5EF15003C96A2 /* EditTrekExe.swift in Sources */,
				DAECEA4624C8DC5D00C752CF /* Country.swift in Sources */,
				DAE2594124857EFF00989085 /* TreksViewControllerExe.swift in Sources */,
				DA054F5424B8AA730039F159 /* Capital.swift in Sources */,
				DAECEA4424C8CFEC00C752CF /* TrekTips.swift in Sources */,
				DA48FE08245F59DC00D483B7 /* Trek.swift in Sources */,
				DA428569245223F4004AC485 /* AllTreks.swift in Sources */,
				DA4CAEC924893A0C001A43CF /* NewTrekExe.swift in Sources */,
				DA498C8224C5CE8D0000E909 /* Reachability.swift in Sources */,
				DA46D05A24AA61A80039CA7E /* MapViewController.swift in Sources */,
				DA054F5724B8E17F0039F159 /* PlacemarkAnnotation.swift in Sources */,
				DAC7E04E23B15CA8006C780E /* MoreViewController.swift in Sources */,
				DAB34EB523B11E56000EEE0D /* AppDelegate.swift in Sources */,
				DAB34EB723B11E56000EEE0D /* SceneDelegate.swift in Sources */,
				DAE25A2D247F03750047FD42 /* ViewTrekExe.swift in Sources */,
			);
			runOnlyForDeploymentPostprocessing = 0;
		};
/* End PBXSourcesBuildPhase section */

/* Begin PBXVariantGroup section */
		DAB34EBC23B11E56000EEE0D /* Main.storyboard */ = {
			isa = PBXVariantGroup;
			children = (
				DAB34EBD23B11E56000EEE0D /* Base */,
			);
			name = Main.storyboard;
			sourceTree = "<group>";
		};
		DAB34EC123B11E57000EEE0D /* LaunchScreen.storyboard */ = {
			isa = PBXVariantGroup;
			children = (
				DAB34EC223B11E57000EEE0D /* Base */,
			);
			name = LaunchScreen.storyboard;
			sourceTree = "<group>";
		};
/* End PBXVariantGroup section */

/* Begin XCBuildConfiguration section */
		DAB34EC523B11E57000EEE0D /* Debug */ = {
			isa = XCBuildConfiguration;
			buildSettings = {
				ALWAYS_SEARCH_USER_PATHS = NO;
				CLANG_ANALYZER_NONNULL = YES;
				CLANG_ANALYZER_NUMBER_OBJECT_CONVERSION = YES_AGGRESSIVE;
				CLANG_CXX_LANGUAGE_STANDARD = "gnu++14";
				CLANG_CXX_LIBRARY = "libc++";
				CLANG_ENABLE_MODULES = YES;
				CLANG_ENABLE_OBJC_ARC = YES;
				CLANG_ENABLE_OBJC_WEAK = YES;
				CLANG_WARN_BLOCK_CAPTURE_AUTORELEASING = YES;
				CLANG_WARN_BOOL_CONVERSION = YES;
				CLANG_WARN_COMMA = YES;
				CLANG_WARN_CONSTANT_CONVERSION = YES;
				CLANG_WARN_DEPRECATED_OBJC_IMPLEMENTATIONS = YES;
				CLANG_WARN_DIRECT_OBJC_ISA_USAGE = YES_ERROR;
				CLANG_WARN_DOCUMENTATION_COMMENTS = YES;
				CLANG_WARN_EMPTY_BODY = YES;
				CLANG_WARN_ENUM_CONVERSION = YES;
				CLANG_WARN_INFINITE_RECURSION = YES;
				CLANG_WARN_INT_CONVERSION = YES;
				CLANG_WARN_NON_LITERAL_NULL_CONVERSION = YES;
				CLANG_WARN_OBJC_IMPLICIT_RETAIN_SELF = YES;
				CLANG_WARN_OBJC_LITERAL_CONVERSION = YES;
				CLANG_WARN_OBJC_ROOT_CLASS = YES_ERROR;
				CLANG_WARN_RANGE_LOOP_ANALYSIS = YES;
				CLANG_WARN_STRICT_PROTOTYPES = YES;
				CLANG_WARN_SUSPICIOUS_MOVE = YES;
				CLANG_WARN_UNGUARDED_AVAILABILITY = YES_AGGRESSIVE;
				CLANG_WARN_UNREACHABLE_CODE = YES;
				CLANG_WARN__DUPLICATE_METHOD_MATCH = YES;
				COPY_PHASE_STRIP = NO;
				DEBUG_INFORMATION_FORMAT = dwarf;
				ENABLE_STRICT_OBJC_MSGSEND = YES;
				ENABLE_TESTABILITY = YES;
				GCC_C_LANGUAGE_STANDARD = gnu11;
				GCC_DYNAMIC_NO_PIC = NO;
				GCC_NO_COMMON_BLOCKS = YES;
				GCC_OPTIMIZATION_LEVEL = 0;
				GCC_PREPROCESSOR_DEFINITIONS = (
					"DEBUG=1",
					"$(inherited)",
				);
				GCC_WARN_64_TO_32_BIT_CONVERSION = YES;
				GCC_WARN_ABOUT_RETURN_TYPE = YES_ERROR;
				GCC_WARN_UNDECLARED_SELECTOR = YES;
				GCC_WARN_UNINITIALIZED_AUTOS = YES_AGGRESSIVE;
				GCC_WARN_UNUSED_FUNCTION = YES;
				GCC_WARN_UNUSED_VARIABLE = YES;
				IPHONEOS_DEPLOYMENT_TARGET = 13.2;
				MTL_ENABLE_DEBUG_INFO = INCLUDE_SOURCE;
				MTL_FAST_MATH = YES;
				ONLY_ACTIVE_ARCH = YES;
				SDKROOT = iphoneos;
				SWIFT_ACTIVE_COMPILATION_CONDITIONS = DEBUG;
				SWIFT_OPTIMIZATION_LEVEL = "-Onone";
			};
			name = Debug;
		};
		DAB34EC623B11E57000EEE0D /* Release */ = {
			isa = XCBuildConfiguration;
			buildSettings = {
				ALWAYS_SEARCH_USER_PATHS = NO;
				CLANG_ANALYZER_NONNULL = YES;
				CLANG_ANALYZER_NUMBER_OBJECT_CONVERSION = YES_AGGRESSIVE;
				CLANG_CXX_LANGUAGE_STANDARD = "gnu++14";
				CLANG_CXX_LIBRARY = "libc++";
				CLANG_ENABLE_MODULES = YES;
				CLANG_ENABLE_OBJC_ARC = YES;
				CLANG_ENABLE_OBJC_WEAK = YES;
				CLANG_WARN_BLOCK_CAPTURE_AUTORELEASING = YES;
				CLANG_WARN_BOOL_CONVERSION = YES;
				CLANG_WARN_COMMA = YES;
				CLANG_WARN_CONSTANT_CONVERSION = YES;
				CLANG_WARN_DEPRECATED_OBJC_IMPLEMENTATIONS = YES;
				CLANG_WARN_DIRECT_OBJC_ISA_USAGE = YES_ERROR;
				CLANG_WARN_DOCUMENTATION_COMMENTS = YES;
				CLANG_WARN_EMPTY_BODY = YES;
				CLANG_WARN_ENUM_CONVERSION = YES;
				CLANG_WARN_INFINITE_RECURSION = YES;
				CLANG_WARN_INT_CONVERSION = YES;
				CLANG_WARN_NON_LITERAL_NULL_CONVERSION = YES;
				CLANG_WARN_OBJC_IMPLICIT_RETAIN_SELF = YES;
				CLANG_WARN_OBJC_LITERAL_CONVERSION = YES;
				CLANG_WARN_OBJC_ROOT_CLASS = YES_ERROR;
				CLANG_WARN_RANGE_LOOP_ANALYSIS = YES;
				CLANG_WARN_STRICT_PROTOTYPES = YES;
				CLANG_WARN_SUSPICIOUS_MOVE = YES;
				CLANG_WARN_UNGUARDED_AVAILABILITY = YES_AGGRESSIVE;
				CLANG_WARN_UNREACHABLE_CODE = YES;
				CLANG_WARN__DUPLICATE_METHOD_MATCH = YES;
				COPY_PHASE_STRIP = NO;
				DEBUG_INFORMATION_FORMAT = "dwarf-with-dsym";
				ENABLE_NS_ASSERTIONS = NO;
				ENABLE_STRICT_OBJC_MSGSEND = YES;
				GCC_C_LANGUAGE_STANDARD = gnu11;
				GCC_NO_COMMON_BLOCKS = YES;
				GCC_WARN_64_TO_32_BIT_CONVERSION = YES;
				GCC_WARN_ABOUT_RETURN_TYPE = YES_ERROR;
				GCC_WARN_UNDECLARED_SELECTOR = YES;
				GCC_WARN_UNINITIALIZED_AUTOS = YES_AGGRESSIVE;
				GCC_WARN_UNUSED_FUNCTION = YES;
				GCC_WARN_UNUSED_VARIABLE = YES;
				IPHONEOS_DEPLOYMENT_TARGET = 13.2;
				MTL_ENABLE_DEBUG_INFO = NO;
				MTL_FAST_MATH = YES;
				SDKROOT = iphoneos;
				SWIFT_COMPILATION_MODE = wholemodule;
				SWIFT_OPTIMIZATION_LEVEL = "-O";
				VALIDATE_PRODUCT = YES;
			};
			name = Release;
		};
		DAB34EC823B11E57000EEE0D /* Debug */ = {
			isa = XCBuildConfiguration;
			baseConfigurationReference = 2BDD53C1672C8BE9139A53A1 /* Pods-TrekPack.debug.xcconfig */;
			buildSettings = {
				ASSETCATALOG_COMPILER_APPICON_NAME = AppIcon;
				CODE_SIGN_STYLE = Automatic;
				DEVELOPMENT_TEAM = Z8F84UKAWB;
				INFOPLIST_FILE = TrekPack/Info.plist;
				IPHONEOS_DEPLOYMENT_TARGET = 13.0;
				LD_RUNPATH_SEARCH_PATHS = (
					"$(inherited)",
					"@executable_path/Frameworks",
				);
				PRODUCT_BUNDLE_IDENTIFIER = com.tmoktar.TrekPack;
				PRODUCT_NAME = "$(TARGET_NAME)";
				SWIFT_VERSION = 5.0;
				TARGETED_DEVICE_FAMILY = 1;
			};
			name = Debug;
		};
		DAB34EC923B11E57000EEE0D /* Release */ = {
			isa = XCBuildConfiguration;
			baseConfigurationReference = DDEC5FAB238D83D03BF7B350 /* Pods-TrekPack.release.xcconfig */;
			buildSettings = {
				ASSETCATALOG_COMPILER_APPICON_NAME = AppIcon;
				CODE_SIGN_STYLE = Automatic;
				DEVELOPMENT_TEAM = Z8F84UKAWB;
				INFOPLIST_FILE = TrekPack/Info.plist;
				IPHONEOS_DEPLOYMENT_TARGET = 13.0;
				LD_RUNPATH_SEARCH_PATHS = (
					"$(inherited)",
					"@executable_path/Frameworks",
				);
				PRODUCT_BUNDLE_IDENTIFIER = com.tmoktar.TrekPack;
				PRODUCT_NAME = "$(TARGET_NAME)";
				SWIFT_VERSION = 5.0;
				TARGETED_DEVICE_FAMILY = 1;
			};
			name = Release;
		};
/* End XCBuildConfiguration section */

/* Begin XCConfigurationList section */
		DAB34EAC23B11E56000EEE0D /* Build configuration list for PBXProject "TrekPack" */ = {
			isa = XCConfigurationList;
			buildConfigurations = (
				DAB34EC523B11E57000EEE0D /* Debug */,
				DAB34EC623B11E57000EEE0D /* Release */,
			);
			defaultConfigurationIsVisible = 0;
			defaultConfigurationName = Release;
		};
		DAB34EC723B11E57000EEE0D /* Build configuration list for PBXNativeTarget "TrekPack" */ = {
			isa = XCConfigurationList;
			buildConfigurations = (
				DAB34EC823B11E57000EEE0D /* Debug */,
				DAB34EC923B11E57000EEE0D /* Release */,
			);
			defaultConfigurationIsVisible = 0;
			defaultConfigurationName = Release;
		};
/* End XCConfigurationList section */
	};
	rootObject = DAB34EA923B11E56000EEE0D /* Project object */;
}
